
Microsoft Visual Studio Solution File, Format Version 12.00
# Visual Studio Version 17
VisualStudioVersion = 17.7.34031.279
MinimumVisualStudioVersion = 10.0.40219.1
Project("{FAE04EC0-301F-11D3-BF4B-00C04F79EFBC}") = "001-Inventario(HDAR)", "001-Inventario(HDAR)\001-Inventario(HDAR).csproj", "{3278CBA0-0E7E-497F-852F-54630CC2F277}"
EndProject
Global
	GlobalSection(SolutionConfigurationPlatforms) = preSolution
		Debug|Any CPU = Debug|Any CPU
		Release|Any CPU = Release|Any CPU
	EndGlobalSection
	GlobalSection(ProjectConfigurationPlatforms) = postSolution
		{3278CBA0-0E7E-497F-852F-54630CC2F277}.Debug|Any CPU.ActiveCfg = Debug|Any CPU
		{3278CBA0-0E7E-497F-852F-54630CC2F277}.Debug|Any CPU.Build.0 = Debug|Any CPU
		{3278CBA0-0E7E-497F-852F-54630CC2F277}.Release|Any CPU.ActiveCfg = Release|Any CPU
		{3278CBA0-0E7E-497F-852F-54630CC2F277}.Release|Any CPU.Build.0 = Release|Any CPU
	EndGlobalSection
	GlobalSection(SolutionProperties) = preSolution
		HideSolutionNode = FALSE
	EndGlobalSection
	GlobalSection(ExtensibilityGlobals) = postSolution
		SolutionGuid = {11B12C89-35E3-4E93-9BD8-04AE3F30A20B}
	EndGlobalSection
EndGlobal
